
Microsoft Visual Studio Solution File, Format Version 12.00
# Visual Studio Version 17
VisualStudioVersion = 17.4.33205.214
MinimumVisualStudioVersion = 10.0.40219.1
Project("{FAE04EC0-301F-11D3-BF4B-00C04F79EFBC}") = "Boss", "Boss\Boss.csproj", "{48426581-6C79-4E2D-9112-C4F7A2DAA99F}"
EndProject
Global
	GlobalSection(SolutionConfigurationPlatforms) = preSolution
		Debug|Any CPU = Debug|Any CPU
		Release|Any CPU = Release|Any CPU
	EndGlobalSection
	GlobalSection(ProjectConfigurationPlatforms) = postSolution
		{48426581-6C79-4E2D-9112-C4F7A2DAA99F}.Debug|Any CPU.ActiveCfg = Debug|Any CPU
		{48426581-6C79-4E2D-9112-C4F7A2DAA99F}.Debug|Any CPU.Build.0 = Debug|Any CPU
		{48426581-6C79-4E2D-9112-C4F7A2DAA99F}.Release|Any CPU.ActiveCfg = Release|Any CPU
		{48426581-6C79-4E2D-9112-C4F7A2DAA99F}.Release|Any CPU.Build.0 = Release|Any CPU
	EndGlobalSection
	GlobalSection(SolutionProperties) = preSolution
		HideSolutionNode = FALSE
	EndGlobalSection
	GlobalSection(ExtensibilityGlobals) = postSolution
		SolutionGuid = {7237FAFE-CE46-4773-9DB0-C96EB68BF357}
	EndGlobalSection
EndGlobal
